
Microsoft Visual Studio Solution File, Format Version 12.00
# Visual Studio Version 16
VisualStudioVersion = 16.0.30001.183
MinimumVisualStudioVersion = 10.0.40219.1
Project("{9A19103F-16F7-4668-BE54-9A1E7A4F7556}") = "Demo.Client", "Demo.Client\Demo.Client.csproj", "{C60CFEF5-433D-4B65-A4AD-7CA2FE7E781A}"
EndProject
Project("{9A19103F-16F7-4668-BE54-9A1E7A4F7556}") = "Demo.RCL", "Demo.RCL\Demo.RCL.csproj", "{0FCCAE9E-1A6C-42D7-9502-AE6EC9450145}"
EndProject
Global
	GlobalSection(SolutionConfigurationPlatforms) = preSolution
		Debug|Any CPU = Debug|Any CPU
		Release|Any CPU = Release|Any CPU
	EndGlobalSection
	GlobalSection(ProjectConfigurationPlatforms) = postSolution
		{C60CFEF5-433D-4B65-A4AD-7CA2FE7E781A}.Debug|Any CPU.ActiveCfg = Debug|Any CPU
		{C60CFEF5-433D-4B65-A4AD-7CA2FE7E781A}.Debug|Any CPU.Build.0 = Debug|Any CPU
		{C60CFEF5-433D-4B65-A4AD-7CA2FE7E781A}.Release|Any CPU.ActiveCfg = Release|Any CPU
		{C60CFEF5-433D-4B65-A4AD-7CA2FE7E781A}.Release|Any CPU.Build.0 = Release|Any CPU
		{0FCCAE9E-1A6C-42D7-9502-AE6EC9450145}.Debug|Any CPU.ActiveCfg = Debug|Any CPU
		{0FCCAE9E-1A6C-42D7-9502-AE6EC9450145}.Debug|Any CPU.Build.0 = Debug|Any CPU
		{0FCCAE9E-1A6C-42D7-9502-AE6EC9450145}.Release|Any CPU.ActiveCfg = Release|Any CPU
		{0FCCAE9E-1A6C-42D7-9502-AE6EC9450145}.Release|Any CPU.Build.0 = Release|Any CPU
	EndGlobalSection
	GlobalSection(SolutionProperties) = preSolution
		HideSolutionNode = FALSE
	EndGlobalSection
	GlobalSection(ExtensibilityGlobals) = postSolution
		SolutionGuid = {4296DA70-0B11-4C5C-A0CD-33E0D4093BDA}
	EndGlobalSection
EndGlobal
